// !$*UTF8*$!
{
	archiveVersion = 1;
	classes = {
	};
	objectVersion = 55;
	objects = {

/* Begin PBXBuildFile section */
		401828EE27182FA4007C6C10 /* student689624App.swift in Sources */ = {isa = PBXBuildFile; fileRef = 401828ED27182FA4007C6C10 /* student689624App.swift */; };
		401828F027182FA4007C6C10 /* ContentView.swift in Sources */ = {isa = PBXBuildFile; fileRef = 401828EF27182FA4007C6C10 /* ContentView.swift */; };
		401828F227182FA5007C6C10 /* Assets.xcassets in Resources */ = {isa = PBXBuildFile; fileRef = 401828F127182FA5007C6C10 /* Assets.xcassets */; };
		401828F527182FA5007C6C10 /* Preview Assets.xcassets in Resources */ = {isa = PBXBuildFile; fileRef = 401828F427182FA5007C6C10 /* Preview Assets.xcassets */; };
		401828FD27183014007C6C10 /* ArticleCell.swift in Sources */ = {isa = PBXBuildFile; fileRef = 401828FC27183014007C6C10 /* ArticleCell.swift */; };
		4018290127183456007C6C10 /* ArticleDetail.swift in Sources */ = {isa = PBXBuildFile; fileRef = 4018290027183456007C6C10 /* ArticleDetail.swift */; };
		40307307271C75A1007765B9 /* FilterView.swift in Sources */ = {isa = PBXBuildFile; fileRef = 40307306271C75A1007765B9 /* FilterView.swift */; };
		403C1E69271B0C2F0092DDA7 /* Article.swift in Sources */ = {isa = PBXBuildFile; fileRef = 403C1E68271B0C2F0092DDA7 /* Article.swift */; };
		403C1E6C271B13C80092DDA7 /* NewsEndpoint.swift in Sources */ = {isa = PBXBuildFile; fileRef = 403C1E6B271B13C80092DDA7 /* NewsEndpoint.swift */; };
		403C1E6F271B180F0092DDA7 /* APIError.swift in Sources */ = {isa = PBXBuildFile; fileRef = 403C1E6E271B180F0092DDA7 /* APIError.swift */; };
		403C1E72271B198D0092DDA7 /* NewsService.swift in Sources */ = {isa = PBXBuildFile; fileRef = 403C1E71271B198D0092DDA7 /* NewsService.swift */; };
		403C1E75271B1E090092DDA7 /* ResultState.swift in Sources */ = {isa = PBXBuildFile; fileRef = 403C1E74271B1E090092DDA7 /* ResultState.swift */; };
		403C1E78271B1E670092DDA7 /* NewsViewModel.swift in Sources */ = {isa = PBXBuildFile; fileRef = 403C1E77271B1E670092DDA7 /* NewsViewModel.swift */; };
		403C1E7B271B21F20092DDA7 /* URLImage in Frameworks */ = {isa = PBXBuildFile; productRef = 403C1E7A271B21F20092DDA7 /* URLImage */; };
		403C1E7F271B44C30092DDA7 /* ErrorView.swift in Sources */ = {isa = PBXBuildFile; fileRef = 403C1E7E271B44C30092DDA7 /* ErrorView.swift */; };
		403C1E83271B58EC0092DDA7 /* NewsListView.swift in Sources */ = {isa = PBXBuildFile; fileRef = 403C1E82271B58EC0092DDA7 /* NewsListView.swift */; };
/* End PBXBuildFile section */

/* Begin PBXFileReference section */
		401828EA27182FA4007C6C10 /* student689624.app */ = {isa = PBXFileReference; explicitFileType = wrapper.application; includeInIndex = 0; path = student689624.app; sourceTree = BUILT_PRODUCTS_DIR; };
		401828ED27182FA4007C6C10 /* student689624App.swift */ = {isa = PBXFileReference; lastKnownFileType = sourcecode.swift; path = student689624App.swift; sourceTree = "<group>"; };
		401828EF27182FA4007C6C10 /* ContentView.swift */ = {isa = PBXFileReference; lastKnownFileType = sourcecode.swift; path = ContentView.swift; sourceTree = "<group>"; };
		401828F127182FA5007C6C10 /* Assets.xcassets */ = {isa = PBXFileReference; lastKnownFileType = folder.assetcatalog; path = Assets.xcassets; sourceTree = "<group>"; };
		401828F427182FA5007C6C10 /* Preview Assets.xcassets */ = {isa = PBXFileReference; lastKnownFileType = folder.assetcatalog; path = "Preview Assets.xcassets"; sourceTree = "<group>"; };
		401828FC27183014007C6C10 /* ArticleCell.swift */ = {isa = PBXFileReference; lastKnownFileType = sourcecode.swift; path = ArticleCell.swift; sourceTree = "<group>"; };
		4018290027183456007C6C10 /* ArticleDetail.swift */ = {isa = PBXFileReference; lastKnownFileType = sourcecode.swift; path = ArticleDetail.swift; sourceTree = "<group>"; };
		40307306271C75A1007765B9 /* FilterView.swift */ = {isa = PBXFileReference; lastKnownFileType = sourcecode.swift; path = FilterView.swift; sourceTree = "<group>"; };
		403C1E68271B0C2F0092DDA7 /* Article.swift */ = {isa = PBXFileReference; lastKnownFileType = sourcecode.swift; path = Article.swift; sourceTree = "<group>"; };
		403C1E6B271B13C80092DDA7 /* NewsEndpoint.swift */ = {isa = PBXFileReference; lastKnownFileType = sourcecode.swift; path = NewsEndpoint.swift; sourceTree = "<group>"; };
		403C1E6E271B180F0092DDA7 /* APIError.swift */ = {isa = PBXFileReference; lastKnownFileType = sourcecode.swift; path = APIError.swift; sourceTree = "<group>"; };
		403C1E71271B198D0092DDA7 /* NewsService.swift */ = {isa = PBXFileReference; lastKnownFileType = sourcecode.swift; path = NewsService.swift; sourceTree = "<group>"; };
		403C1E74271B1E090092DDA7 /* ResultState.swift */ = {isa = PBXFileReference; lastKnownFileType = sourcecode.swift; path = ResultState.swift; sourceTree = "<group>"; };
		403C1E77271B1E670092DDA7 /* NewsViewModel.swift */ = {isa = PBXFileReference; lastKnownFileType = sourcecode.swift; path = NewsViewModel.swift; sourceTree = "<group>"; };
		403C1E7E271B44C30092DDA7 /* ErrorView.swift */ = {isa = PBXFileReference; lastKnownFileType = sourcecode.swift; path = ErrorView.swift; sourceTree = "<group>"; };
		403C1E82271B58EC0092DDA7 /* NewsListView.swift */ = {isa = PBXFileReference; lastKnownFileType = sourcecode.swift; path = NewsListView.swift; sourceTree = "<group>"; };
/* End PBXFileReference section */

/* Begin PBXFrameworksBuildPhase section */
		401828E727182FA4007C6C10 /* Frameworks */ = {
			isa = PBXFrameworksBuildPhase;
			buildActionMask = 2147483647;
			files = (
				403C1E7B271B21F20092DDA7 /* URLImage in Frameworks */,
			);
			runOnlyForDeploymentPostprocessing = 0;
		};
/* End PBXFrameworksBuildPhase section */

/* Begin PBXGroup section */
		401828E127182FA4007C6C10 = {
			isa = PBXGroup;
			children = (
				401828EC27182FA4007C6C10 /* student689624 */,
				401828EB27182FA4007C6C10 /* Products */,
			);
			sourceTree = "<group>";
		};
		401828EB27182FA4007C6C10 /* Products */ = {
			isa = PBXGroup;
			children = (
				401828EA27182FA4007C6C10 /* student689624.app */,
			);
			name = Products;
			sourceTree = "<group>";
		};
		401828EC27182FA4007C6C10 /* student689624 */ = {
			isa = PBXGroup;
			children = (
				403C1E7D271B44850092DDA7 /* Views */,
				403C1E76271B1E460092DDA7 /* Viewmodel */,
				403C1E73271B1DFB0092DDA7 /* States */,
				403C1E70271B197A0092DDA7 /* Service */,
				403C1E6D271B17FC0092DDA7 /* APIErrors */,
				403C1E6A271B13B00092DDA7 /* Endpoints */,
				401828FB27182FF2007C6C10 /* Article */,
				401828ED27182FA4007C6C10 /* student689624App.swift */,
				401828F127182FA5007C6C10 /* Assets.xcassets */,
				401828F327182FA5007C6C10 /* Preview Content */,
			);
			path = student689624;
			sourceTree = "<group>";
		};
		401828F327182FA5007C6C10 /* Preview Content */ = {
			isa = PBXGroup;
			children = (
				401828F427182FA5007C6C10 /* Preview Assets.xcassets */,
			);
			path = "Preview Content";
			sourceTree = "<group>";
		};
		401828FB27182FF2007C6C10 /* Article */ = {
			isa = PBXGroup;
			children = (
				403C1E68271B0C2F0092DDA7 /* Article.swift */,
			);
			path = Article;
			sourceTree = "<group>";
		};
		403C1E6A271B13B00092DDA7 /* Endpoints */ = {
			isa = PBXGroup;
			children = (
				403C1E6B271B13C80092DDA7 /* NewsEndpoint.swift */,
			);
			path = Endpoints;
			sourceTree = "<group>";
		};
		403C1E6D271B17FC0092DDA7 /* APIErrors */ = {
			isa = PBXGroup;
			children = (
				403C1E6E271B180F0092DDA7 /* APIError.swift */,
			);
			path = APIErrors;
			sourceTree = "<group>";
		};
		403C1E70271B197A0092DDA7 /* Service */ = {
			isa = PBXGroup;
			children = (
				403C1E71271B198D0092DDA7 /* NewsService.swift */,
			);
			path = Service;
			sourceTree = "<group>";
		};
		403C1E73271B1DFB0092DDA7 /* States */ = {
			isa = PBXGroup;
			children = (
				403C1E74271B1E090092DDA7 /* ResultState.swift */,
			);
			path = States;
			sourceTree = "<group>";
		};
		403C1E76271B1E460092DDA7 /* Viewmodel */ = {
			isa = PBXGroup;
			children = (
				403C1E77271B1E670092DDA7 /* NewsViewModel.swift */,
			);
			path = Viewmodel;
			sourceTree = "<group>";
		};
		403C1E7D271B44850092DDA7 /* Views */ = {
			isa = PBXGroup;
			children = (
				401828EF27182FA4007C6C10 /* ContentView.swift */,
				4018290027183456007C6C10 /* ArticleDetail.swift */,
				401828FC27183014007C6C10 /* ArticleCell.swift */,
				403C1E7E271B44C30092DDA7 /* ErrorView.swift */,
				403C1E82271B58EC0092DDA7 /* NewsListView.swift */,
				40307306271C75A1007765B9 /* FilterView.swift */,
			);
			path = Views;
			sourceTree = "<group>";
		};
/* End PBXGroup section */

/* Begin PBXNativeTarget section */
		401828E927182FA4007C6C10 /* student689624 */ = {
			isa = PBXNativeTarget;
			buildConfigurationList = 401828F827182FA5007C6C10 /* Build configuration list for PBXNativeTarget "student689624" */;
			buildPhases = (
				401828E627182FA4007C6C10 /* Sources */,
				401828E727182FA4007C6C10 /* Frameworks */,
				401828E827182FA4007C6C10 /* Resources */,
			);
			buildRules = (
			);
			dependencies = (
			);
			name = student689624;
			packageProductDependencies = (
				403C1E7A271B21F20092DDA7 /* URLImage */,
			);
			productName = student689624;
			productReference = 401828EA27182FA4007C6C10 /* student689624.app */;
			productType = "com.apple.product-type.application";
		};
/* End PBXNativeTarget section */

/* Begin PBXProject section */
		401828E227182FA4007C6C10 /* Project object */ = {
			isa = PBXProject;
			attributes = {
				BuildIndependentTargetsInParallel = 1;
				LastSwiftUpdateCheck = 1300;
				LastUpgradeCheck = 1300;
				TargetAttributes = {
					401828E927182FA4007C6C10 = {
						CreatedOnToolsVersion = 13.0;
					};
				};
			};
			buildConfigurationList = 401828E527182FA4007C6C10 /* Build configuration list for PBXProject "student689624" */;
			compatibilityVersion = "Xcode 13.0";
			developmentRegion = en;
			hasScannedForEncodings = 0;
			knownRegions = (
				en,
				Base,
			);
			mainGroup = 401828E127182FA4007C6C10;
			packageReferences = (
				403C1E79271B21F20092DDA7 /* XCRemoteSwiftPackageReference "url-image" */,
			);
			productRefGroup = 401828EB27182FA4007C6C10 /* Products */;
			projectDirPath = "";
			projectRoot = "";
			targets = (
				401828E927182FA4007C6C10 /* student689624 */,
			);
		};
/* End PBXProject section */

/* Begin PBXResourcesBuildPhase section */
		401828E827182FA4007C6C10 /* Resources */ = {
			isa = PBXResourcesBuildPhase;
			buildActionMask = 2147483647;
			files = (
				401828F527182FA5007C6C10 /* Preview Assets.xcassets in Resources */,
				401828F227182FA5007C6C10 /* Assets.xcassets in Resources */,
			);
			runOnlyForDeploymentPostprocessing = 0;
		};
/* End PBXResourcesBuildPhase section */

/* Begin PBXSourcesBuildPhase section */
		401828E627182FA4007C6C10 /* Sources */ = {
			isa = PBXSourcesBuildPhase;
			buildActionMask = 2147483647;
			files = (
				40307307271C75A1007765B9 /* FilterView.swift in Sources */,
				401828F027182FA4007C6C10 /* ContentView.swift in Sources */,
				403C1E83271B58EC0092DDA7 /* NewsListView.swift in Sources */,
				4018290127183456007C6C10 /* ArticleDetail.swift in Sources */,
				403C1E75271B1E090092DDA7 /* ResultState.swift in Sources */,
				403C1E72271B198D0092DDA7 /* NewsService.swift in Sources */,
				401828EE27182FA4007C6C10 /* student689624App.swift in Sources */,
				403C1E6C271B13C80092DDA7 /* NewsEndpoint.swift in Sources */,
				401828FD27183014007C6C10 /* ArticleCell.swift in Sources */,
				403C1E78271B1E670092DDA7 /* NewsViewModel.swift in Sources */,
				403C1E69271B0C2F0092DDA7 /* Article.swift in Sources */,
				403C1E6F271B180F0092DDA7 /* APIError.swift in Sources */,
				403C1E7F271B44C30092DDA7 /* ErrorView.swift in Sources */,
			);
			runOnlyForDeploymentPostprocessing = 0;
		};
/* End PBXSourcesBuildPhase section */

/* Begin XCBuildConfiguration section */
		401828F627182FA5007C6C10 /* Debug */ = {
			isa = XCBuildConfiguration;
			buildSettings = {
				ALWAYS_SEARCH_USER_PATHS = NO;
				CLANG_ANALYZER_NONNULL = YES;
				CLANG_ANALYZER_NUMBER_OBJECT_CONVERSION = YES_AGGRESSIVE;
				CLANG_CXX_LANGUAGE_STANDARD = "gnu++17";
				CLANG_CXX_LIBRARY = "libc++";
				CLANG_ENABLE_MODULES = YES;
				CLANG_ENABLE_OBJC_ARC = YES;
				CLANG_ENABLE_OBJC_WEAK = YES;
				CLANG_WARN_BLOCK_CAPTURE_AUTORELEASING = YES;
				CLANG_WARN_BOOL_CONVERSION = YES;
				CLANG_WARN_COMMA = YES;
				CLANG_WARN_CONSTANT_CONVERSION = YES;
				CLANG_WARN_DEPRECATED_OBJC_IMPLEMENTATIONS = YES;
				CLANG_WARN_DIRECT_OBJC_ISA_USAGE = YES_ERROR;
				CLANG_WARN_DOCUMENTATION_COMMENTS = YES;
				CLANG_WARN_EMPTY_BODY = YES;
				CLANG_WARN_ENUM_CONVERSION = YES;
				CLANG_WARN_INFINITE_RECURSION = YES;
				CLANG_WARN_INT_CONVERSION = YES;
				CLANG_WARN_NON_LITERAL_NULL_CONVERSION = YES;
				CLANG_WARN_OBJC_IMPLICIT_RETAIN_SELF = YES;
				CLANG_WARN_OBJC_LITERAL_CONVERSION = YES;
				CLANG_WARN_OBJC_ROOT_CLASS = YES_ERROR;
				CLANG_WARN_QUOTED_INCLUDE_IN_FRAMEWORK_HEADER = YES;
				CLANG_WARN_RANGE_LOOP_ANALYSIS = YES;
				CLANG_WARN_STRICT_PROTOTYPES = YES;
				CLANG_WARN_SUSPICIOUS_MOVE = YES;
				CLANG_WARN_UNGUARDED_AVAILABILITY = YES_AGGRESSIVE;
				CLANG_WARN_UNREACHABLE_CODE = YES;
				CLANG_WARN__DUPLICATE_METHOD_MATCH = YES;
				COPY_PHASE_STRIP = NO;
				DEBUG_INFORMATION_FORMAT = dwarf;
				ENABLE_STRICT_OBJC_MSGSEND = YES;
				ENABLE_TESTABILITY = YES;
				GCC_C_LANGUAGE_STANDARD = gnu11;
				GCC_DYNAMIC_NO_PIC = NO;
				GCC_NO_COMMON_BLOCKS = YES;
				GCC_OPTIMIZATION_LEVEL = 0;
				GCC_PREPROCESSOR_DEFINITIONS = (
					"DEBUG=1",
					"$(inherited)",
				);
				GCC_WARN_64_TO_32_BIT_CONVERSION = YES;
				GCC_WARN_ABOUT_RETURN_TYPE = YES_ERROR;
				GCC_WARN_UNDECLARED_SELECTOR = YES;
				GCC_WARN_UNINITIALIZED_AUTOS = YES_AGGRESSIVE;
				GCC_WARN_UNUSED_FUNCTION = YES;
				GCC_WARN_UNUSED_VARIABLE = YES;
				IPHONEOS_DEPLOYMENT_TARGET = 15.0;
				MTL_ENABLE_DEBUG_INFO = INCLUDE_SOURCE;
				MTL_FAST_MATH = YES;
				ONLY_ACTIVE_ARCH = YES;
				SDKROOT = iphoneos;
				SWIFT_ACTIVE_COMPILATION_CONDITIONS = DEBUG;
				SWIFT_OPTIMIZATION_LEVEL = "-Onone";
			};
			name = Debug;
		};
		401828F727182FA5007C6C10 /* Release */ = {
			isa = XCBuildConfiguration;
			buildSettings = {
				ALWAYS_SEARCH_USER_PATHS = NO;
				CLANG_ANALYZER_NONNULL = YES;
				CLANG_ANALYZER_NUMBER_OBJECT_CONVERSION = YES_AGGRESSIVE;
				CLANG_CXX_LANGUAGE_STANDARD = "gnu++17";
				CLANG_CXX_LIBRARY = "libc++";
				CLANG_ENABLE_MODULES = YES;
				CLANG_ENABLE_OBJC_ARC = YES;
				CLANG_ENABLE_OBJC_WEAK = YES;
				CLANG_WARN_BLOCK_CAPTURE_AUTORELEASING = YES;
				CLANG_WARN_BOOL_CONVERSION = YES;
				CLANG_WARN_COMMA = YES;
				CLANG_WARN_CONSTANT_CONVERSION = YES;
				CLANG_WARN_DEPRECATED_OBJC_IMPLEMENTATIONS = YES;
				CLANG_WARN_DIRECT_OBJC_ISA_USAGE = YES_ERROR;
				CLANG_WARN_DOCUMENTATION_COMMENTS = YES;
				CLANG_WARN_EMPTY_BODY = YES;
				CLANG_WARN_ENUM_CONVERSION = YES;
				CLANG_WARN_INFINITE_RECURSION = YES;
				CLANG_WARN_INT_CONVERSION = YES;
				CLANG_WARN_NON_LITERAL_NULL_CONVERSION = YES;
				CLANG_WARN_OBJC_IMPLICIT_RETAIN_SELF = YES;
				CLANG_WARN_OBJC_LITERAL_CONVERSION = YES;
				CLANG_WARN_OBJC_ROOT_CLASS = YES_ERROR;
				CLANG_WARN_QUOTED_INCLUDE_IN_FRAMEWORK_HEADER = YES;
				CLANG_WARN_RANGE_LOOP_ANALYSIS = YES;
				CLANG_WARN_STRICT_PROTOTYPES = YES;
				CLANG_WARN_SUSPICIOUS_MOVE = YES;
				CLANG_WARN_UNGUARDED_AVAILABILITY = YES_AGGRESSIVE;
				CLANG_WARN_UNREACHABLE_CODE = YES;
				CLANG_WARN__DUPLICATE_METHOD_MATCH = YES;
				COPY_PHASE_STRIP = NO;
				DEBUG_INFORMATION_FORMAT = "dwarf-with-dsym";
				ENABLE_NS_ASSERTIONS = NO;
				ENABLE_STRICT_OBJC_MSGSEND = YES;
				GCC_C_LANGUAGE_STANDARD = gnu11;
				GCC_NO_COMMON_BLOCKS = YES;
				GCC_WARN_64_TO_32_BIT_CONVERSION = YES;
				GCC_WARN_ABOUT_RETURN_TYPE = YES_ERROR;
				GCC_WARN_UNDECLARED_SELECTOR = YES;
				GCC_WARN_UNINITIALIZED_AUTOS = YES_AGGRESSIVE;
				GCC_WARN_UNUSED_FUNCTION = YES;
				GCC_WARN_UNUSED_VARIABLE = YES;
				IPHONEOS_DEPLOYMENT_TARGET = 15.0;
				MTL_ENABLE_DEBUG_INFO = NO;
				MTL_FAST_MATH = YES;
				SDKROOT = iphoneos;
				SWIFT_COMPILATION_MODE = wholemodule;
				SWIFT_OPTIMIZATION_LEVEL = "-O";
				VALIDATE_PRODUCT = YES;
			};
			name = Release;
		};
		401828F927182FA5007C6C10 /* Debug */ = {
			isa = XCBuildConfiguration;
			buildSettings = {
				ASSETCATALOG_COMPILER_APPICON_NAME = AppIcon;
				ASSETCATALOG_COMPILER_GLOBAL_ACCENT_COLOR_NAME = AccentColor;
				CODE_SIGN_STYLE = Automatic;
				CURRENT_PROJECT_VERSION = 1;
				DEVELOPMENT_ASSET_PATHS = "\"student689624/Preview Content\"";
				ENABLE_PREVIEWS = YES;
				GENERATE_INFOPLIST_FILE = YES;
				INFOPLIST_KEY_UIApplicationSceneManifest_Generation = YES;
				INFOPLIST_KEY_UIApplicationSupportsIndirectInputEvents = YES;
				INFOPLIST_KEY_UILaunchScreen_Generation = YES;
				INFOPLIST_KEY_UISupportedInterfaceOrientations_iPad = "UIInterfaceOrientationPortrait UIInterfaceOrientationPortraitUpsideDown UIInterfaceOrientationLandscapeLeft UIInterfaceOrientationLandscapeRight";
				INFOPLIST_KEY_UISupportedInterfaceOrientations_iPhone = "UIInterfaceOrientationPortrait UIInterfaceOrientationLandscapeLeft UIInterfaceOrientationLandscapeRight";
				IPHONEOS_DEPLOYMENT_TARGET = 14.0;
				LD_RUNPATH_SEARCH_PATHS = (
					"$(inherited)",
					"@executable_path/Frameworks",
				);
				MARKETING_VERSION = 1.0;
				PRODUCT_BUNDLE_IDENTIFIER = nl.peschier.joey.student689624;
				PRODUCT_NAME = "$(TARGET_NAME)";
				SWIFT_EMIT_LOC_STRINGS = YES;
				SWIFT_VERSION = 5.0;
				TARGETED_DEVICE_FAMILY = "1,2";
			};
			name = Debug;
		};
		401828FA27182FA5007C6C10 /* Release */ = {
			isa = XCBuildConfiguration;
			buildSettings = {
				ASSETCATALOG_COMPILER_APPICON_NAME = AppIcon;
				ASSETCATALOG_COMPILER_GLOBAL_ACCENT_COLOR_NAME = AccentColor;
				CODE_SIGN_STYLE = Automatic;
				CURRENT_PROJECT_VERSION = 1;
				DEVELOPMENT_ASSET_PATHS = "\"student689624/Preview Content\"";
				ENABLE_PREVIEWS = YES;
				GENERATE_INFOPLIST_FILE = YES;
				INFOPLIST_KEY_UIApplicationSceneManifest_Generation = YES;
				INFOPLIST_KEY_UIApplicationSupportsIndirectInputEvents = YES;
				INFOPLIST_KEY_UILaunchScreen_Generation = YES;
				INFOPLIST_KEY_UISupportedInterfaceOrientations_iPad = "UIInterfaceOrientationPortrait UIInterfaceOrientationPortraitUpsideDown UIInterfaceOrientationLandscapeLeft UIInterfaceOrientationLandscapeRight";
				INFOPLIST_KEY_UISupportedInterfaceOrientations_iPhone = "UIInterfaceOrientationPortrait UIInterfaceOrientationLandscapeLeft UIInterfaceOrientationLandscapeRight";
				IPHONEOS_DEPLOYMENT_TARGET = 14.0;
				LD_RUNPATH_SEARCH_PATHS = (
					"$(inherited)",
					"@executable_path/Frameworks",
				);
				MARKETING_VERSION = 1.0;
				PRODUCT_BUNDLE_IDENTIFIER = nl.peschier.joey.student689624;
				PRODUCT_NAME = "$(TARGET_NAME)";
				SWIFT_EMIT_LOC_STRINGS = YES;
				SWIFT_VERSION = 5.0;
				TARGETED_DEVICE_FAMILY = "1,2";
			};
			name = Release;
		};
/* End XCBuildConfiguration section */

/* Begin XCConfigurationList section */
		401828E527182FA4007C6C10 /* Build configuration list for PBXProject "student689624" */ = {
			isa = XCConfigurationList;
			buildConfigurations = (
				401828F627182FA5007C6C10 /* Debug */,
				401828F727182FA5007C6C10 /* Release */,
			);
			defaultConfigurationIsVisible = 0;
			defaultConfigurationName = Release;
		};
		401828F827182FA5007C6C10 /* Build configuration list for PBXNativeTarget "student689624" */ = {
			isa = XCConfigurationList;
			buildConfigurations = (
				401828F927182FA5007C6C10 /* Debug */,
				401828FA27182FA5007C6C10 /* Release */,
			);
			defaultConfigurationIsVisible = 0;
			defaultConfigurationName = Release;
		};
/* End XCConfigurationList section */

/* Begin XCRemoteSwiftPackageReference section */
		403C1E79271B21F20092DDA7 /* XCRemoteSwiftPackageReference "url-image" */ = {
			isa = XCRemoteSwiftPackageReference;
			repositoryURL = "https://github.com/dmytro-anokhin/url-image";
			requirement = {
				kind = upToNextMajorVersion;
				minimumVersion = 3.0.0;
			};
		};
/* End XCRemoteSwiftPackageReference section */

/* Begin XCSwiftPackageProductDependency section */
		403C1E7A271B21F20092DDA7 /* URLImage */ = {
			isa = XCSwiftPackageProductDependency;
			package = 403C1E79271B21F20092DDA7 /* XCRemoteSwiftPackageReference "url-image" */;
			productName = URLImage;
		};
/* End XCSwiftPackageProductDependency section */
	};
	rootObject = 401828E227182FA4007C6C10 /* Project object */;
}
